PODS:
  - Alamofire (5.5.0)
  - IQKeyboardManagerSwift (6.5.9)
  - Kingfisher (7.1.2)
  - MercariQRScanner (1.9.0)
  - ObjectMapper (4.2.0)

DEPENDENCIES:
  - Alamofire
  - IQKeyboardManagerSwift
  - Kingfisher
  - MercariQRScanner
  - ObjectMapper

SPEC REPOS:
  trunk:
    - Alamofire
    - IQKeyboardManagerSwift
    - Kingfisher
    - MercariQRScanner
    - ObjectMapper

SPEC CHECKSUMS:
  Alamofire: 1c4fb5369c3fe93d2857c780d8bbe09f06f97e7c
  IQKeyboardManagerSwift: 6e839c575c4aa1078d58a596e41244e77abe918f
  Kingfisher: 44ed6a8504763f27bab46163adfac83f5deb240c
  MercariQRScanner: e5aea873969af59b09b4cc411fc1c5b6293dba44
  ObjectMapper: 1eb41f610210777375fa806bf161dc39fb832b81

PODFILE CHECKSUM: 52c3898b62c7cb533195a6ec6951a2813bb584b5

COCOAPODS: 1.11.2
